
Microsoft Visual Studio Solution File, Format Version 12.00
Project("{FAE04EC0-301F-11D3-BF4B-00C04F79EFBC}") = "task 1_2_1", "task 1_2_1\task 1_2_1.csproj", "{73153E35-8921-473F-8B98-A20281DE0132}"
EndProject
Project("{FAE04EC0-301F-11D3-BF4B-00C04F79EFBC}") = "task 1_2_2", "task 1_2_2\task 1_2_2.csproj", "{140A474D-F39F-4E7C-AA66-2A958405D13D}"
EndProject
Project("{FAE04EC0-301F-11D3-BF4B-00C04F79EFBC}") = "task 1_2_3", "task 1_2_3\task 1_2_3.csproj", "{4F0899A4-308F-4C69-8FCC-DD7AAD288241}"
EndProject
Project("{FAE04EC0-301F-11D3-BF4B-00C04F79EFBC}") = "task 1_2_4", "task 1_2_4\task 1_2_4.csproj", "{3AC45D7C-3457-4014-B06F-167956A2881B}"
EndProject
Project("{FAE04EC0-301F-11D3-BF4B-00C04F79EFBC}") = "task 1_2_5", "task 1_2_5\task 1_2_5.csproj", "{CD4B2DBA-4755-4AD6-AFAA-EE4DA46B69E4}"
EndProject
Project("{FAE04EC0-301F-11D3-BF4B-00C04F79EFBC}") = "task 1_2_6", "task 1_2_6\task 1_2_6.csproj", "{00841D47-9FA0-4474-BE8C-A5C052F543E2}"
EndProject
Project("{FAE04EC0-301F-11D3-BF4B-00C04F79EFBC}") = "task 1_2_7", "task 1_2_7\task 1_2_7.csproj", "{7C8C3548-05E0-4C25-A62B-C7F7DCB6F011}"
EndProject
Project("{FAE04EC0-301F-11D3-BF4B-00C04F79EFBC}") = "task 1_2_8", "task 1_2_8\task 1_2_8.csproj", "{B4E0845A-482C-4219-B96B-48DB7325F561}"
EndProject
Project("{FAE04EC0-301F-11D3-BF4B-00C04F79EFBC}") = "task 1_2_9", "task 1_2_9\task 1_2_9.csproj", "{25103685-750F-4DBF-8F6B-44DB068C9602}"
EndProject
Global
	GlobalSection(SolutionConfigurationPlatforms) = preSolution
		Debug|Any CPU = Debug|Any CPU
		Release|Any CPU = Release|Any CPU
	EndGlobalSection
	GlobalSection(ProjectConfigurationPlatforms) = postSolution
		{73153E35-8921-473F-8B98-A20281DE0132}.Debug|Any CPU.ActiveCfg = Debug|Any CPU
		{73153E35-8921-473F-8B98-A20281DE0132}.Debug|Any CPU.Build.0 = Debug|Any CPU
		{73153E35-8921-473F-8B98-A20281DE0132}.Release|Any CPU.ActiveCfg = Release|Any CPU
		{73153E35-8921-473F-8B98-A20281DE0132}.Release|Any CPU.Build.0 = Release|Any CPU
		{140A474D-F39F-4E7C-AA66-2A958405D13D}.Debug|Any CPU.ActiveCfg = Debug|Any CPU
		{140A474D-F39F-4E7C-AA66-2A958405D13D}.Debug|Any CPU.Build.0 = Debug|Any CPU
		{140A474D-F39F-4E7C-AA66-2A958405D13D}.Release|Any CPU.ActiveCfg = Release|Any CPU
		{140A474D-F39F-4E7C-AA66-2A958405D13D}.Release|Any CPU.Build.0 = Release|Any CPU
		{4F0899A4-308F-4C69-8FCC-DD7AAD288241}.Debug|Any CPU.ActiveCfg = Debug|Any CPU
		{4F0899A4-308F-4C69-8FCC-DD7AAD288241}.Debug|Any CPU.Build.0 = Debug|Any CPU
		{4F0899A4-308F-4C69-8FCC-DD7AAD288241}.Release|Any CPU.ActiveCfg = Release|Any CPU
		{4F0899A4-308F-4C69-8FCC-DD7AAD288241}.Release|Any CPU.Build.0 = Release|Any CPU
		{3AC45D7C-3457-4014-B06F-167956A2881B}.Debug|Any CPU.ActiveCfg = Debug|Any CPU
		{3AC45D7C-3457-4014-B06F-167956A2881B}.Debug|Any CPU.Build.0 = Debug|Any CPU
		{3AC45D7C-3457-4014-B06F-167956A2881B}.Release|Any CPU.ActiveCfg = Release|Any CPU
		{3AC45D7C-3457-4014-B06F-167956A2881B}.Release|Any CPU.Build.0 = Release|Any CPU
		{CD4B2DBA-4755-4AD6-AFAA-EE4DA46B69E4}.Debug|Any CPU.ActiveCfg = Debug|Any CPU
		{CD4B2DBA-4755-4AD6-AFAA-EE4DA46B69E4}.Debug|Any CPU.Build.0 = Debug|Any CPU
		{CD4B2DBA-4755-4AD6-AFAA-EE4DA46B69E4}.Release|Any CPU.ActiveCfg = Release|Any CPU
		{CD4B2DBA-4755-4AD6-AFAA-EE4DA46B69E4}.Release|Any CPU.Build.0 = Release|Any CPU
		{00841D47-9FA0-4474-BE8C-A5C052F543E2}.Debug|Any CPU.ActiveCfg = Debug|Any CPU
		{00841D47-9FA0-4474-BE8C-A5C052F543E2}.Debug|Any CPU.Build.0 = Debug|Any CPU
		{00841D47-9FA0-4474-BE8C-A5C052F543E2}.Release|Any CPU.ActiveCfg = Release|Any CPU
		{00841D47-9FA0-4474-BE8C-A5C052F543E2}.Release|Any CPU.Build.0 = Release|Any CPU
		{7C8C3548-05E0-4C25-A62B-C7F7DCB6F011}.Debug|Any CPU.ActiveCfg = Debug|Any CPU
		{7C8C3548-05E0-4C25-A62B-C7F7DCB6F011}.Debug|Any CPU.Build.0 = Debug|Any CPU
		{7C8C3548-05E0-4C25-A62B-C7F7DCB6F011}.Release|Any CPU.ActiveCfg = Release|Any CPU
		{7C8C3548-05E0-4C25-A62B-C7F7DCB6F011}.Release|Any CPU.Build.0 = Release|Any CPU
		{B4E0845A-482C-4219-B96B-48DB7325F561}.Debug|Any CPU.ActiveCfg = Debug|Any CPU
		{B4E0845A-482C-4219-B96B-48DB7325F561}.Debug|Any CPU.Build.0 = Debug|Any CPU
		{B4E0845A-482C-4219-B96B-48DB7325F561}.Release|Any CPU.ActiveCfg = Release|Any CPU
		{B4E0845A-482C-4219-B96B-48DB7325F561}.Release|Any CPU.Build.0 = Release|Any CPU
		{25103685-750F-4DBF-8F6B-44DB068C9602}.Debug|Any CPU.ActiveCfg = Debug|Any CPU
		{25103685-750F-4DBF-8F6B-44DB068C9602}.Debug|Any CPU.Build.0 = Debug|Any CPU
		{25103685-750F-4DBF-8F6B-44DB068C9602}.Release|Any CPU.ActiveCfg = Release|Any CPU
		{25103685-750F-4DBF-8F6B-44DB068C9602}.Release|Any CPU.Build.0 = Release|Any CPU
	EndGlobalSection
EndGlobal
