
Microsoft Visual Studio Solution File, Format Version 12.00
Project("{FAE04EC0-301F-11D3-BF4B-00C04F79EFBC}") = "task 1_2_2", "task 1_2_2.csproj", "{DAF1A80A-DBF1-40AE-A4C1-9A91D8EABD37}"
EndProject
Global
	GlobalSection(SolutionConfigurationPlatforms) = preSolution
		Debug|Any CPU = Debug|Any CPU
		Release|Any CPU = Release|Any CPU
	EndGlobalSection
	GlobalSection(ProjectConfigurationPlatforms) = postSolution
		{DAF1A80A-DBF1-40AE-A4C1-9A91D8EABD37}.Debug|Any CPU.ActiveCfg = Debug|Any CPU
		{DAF1A80A-DBF1-40AE-A4C1-9A91D8EABD37}.Debug|Any CPU.Build.0 = Debug|Any CPU
		{DAF1A80A-DBF1-40AE-A4C1-9A91D8EABD37}.Release|Any CPU.ActiveCfg = Release|Any CPU
		{DAF1A80A-DBF1-40AE-A4C1-9A91D8EABD37}.Release|Any CPU.Build.0 = Release|Any CPU
	EndGlobalSection
EndGlobal
